
Microsoft Visual Studio Solution File, Format Version 12.00
# Visual Studio Version 16
VisualStudioVersion = 16.0.809.4
MinimumVisualStudioVersion = 10.0.40219.1
Project("{FAE04EC0-301F-11D3-BF4B-00C04F79EFBC}") = "HW1_ex5", "HW1_ex5.csproj", "{515D790C-3811-45F0-AE41-A214743E299D}"
EndProject
Global
	GlobalSection(SolutionConfigurationPlatforms) = preSolution
		Debug|anycpu = Debug|anycpu
		Release|anycpu = Release|anycpu
	EndGlobalSection
	GlobalSection(ProjectConfigurationPlatforms) = postSolution
		{515D790C-3811-45F0-AE41-A214743E299D}.Debug|anycpu.ActiveCfg = Debug|anycpu
		{515D790C-3811-45F0-AE41-A214743E299D}.Debug|anycpu.Build.0 = Debug|anycpu
		{515D790C-3811-45F0-AE41-A214743E299D}.Release|anycpu.ActiveCfg = Release|anycpu
		{515D790C-3811-45F0-AE41-A214743E299D}.Release|anycpu.Build.0 = Release|anycpu
	EndGlobalSection
	GlobalSection(SolutionProperties) = preSolution
		HideSolutionNode = FALSE
	EndGlobalSection
	GlobalSection(ExtensibilityGlobals) = postSolution
		SolutionGuid = {21077088-B0CB-4912-BC4E-DA07AB2960D0}
	EndGlobalSection
EndGlobal
