
Microsoft Visual Studio Solution File, Format Version 12.00
# Visual Studio Version 16
VisualStudioVersion = 16.0.809.4
MinimumVisualStudioVersion = 10.0.40219.1
Project("{FAE04EC0-301F-11D3-BF4B-00C04F79EFBC}") = "Planets", "Planets.csproj", "{F8E8C3B1-AFE9-47E8-9AD6-9F8C21B05B05}"
EndProject
Global
	GlobalSection(SolutionConfigurationPlatforms) = preSolution
		Debug|anycpu = Debug|anycpu
		Release|anycpu = Release|anycpu
	EndGlobalSection
	GlobalSection(ProjectConfigurationPlatforms) = postSolution
		{F8E8C3B1-AFE9-47E8-9AD6-9F8C21B05B05}.Debug|anycpu.ActiveCfg = Debug|anycpu
		{F8E8C3B1-AFE9-47E8-9AD6-9F8C21B05B05}.Debug|anycpu.Build.0 = Debug|anycpu
		{F8E8C3B1-AFE9-47E8-9AD6-9F8C21B05B05}.Release|anycpu.ActiveCfg = Release|anycpu
		{F8E8C3B1-AFE9-47E8-9AD6-9F8C21B05B05}.Release|anycpu.Build.0 = Release|anycpu
	EndGlobalSection
	GlobalSection(SolutionProperties) = preSolution
		HideSolutionNode = FALSE
	EndGlobalSection
	GlobalSection(ExtensibilityGlobals) = postSolution
		SolutionGuid = {27699C9C-4B0B-4FEB-9329-647DA7626BF3}
	EndGlobalSection
EndGlobal
